# This file was autogenerated by Stack.
# You should not edit this file by hand.
# For more information, please see the documentation at:
#   https://docs.haskellstack.org/en/stable/lock_files

packages:
- completed:
    hackage: hgeometry-0.12.0.1@sha256:907916976bb7268521b6aba9ada7557469c32db9f61625e1b1b1c2aab40804bf,14945
    pantry-tree:
      size: 12022
      sha256: 0f468789a06853f4f7e49fa0f6c451448d61506bc83f0a36aae5098251f7fcc0
  original:
    hackage: hgeometry-0.12.0.1@sha256:907916976bb7268521b6aba9ada7557469c32db9f61625e1b1b1c2aab40804bf,14945
- completed:
    hackage: hgeometry-combinatorial-0.12.0.1@sha256:0c80854ff62c0851e928a617a2d9c38fb89865afed2f840c6caf27068fc60a3d,9061
    pantry-tree:
      size: 5384
      sha256: 669b33a26d9faa920dbd1b7aa57407b62b07f5258361e029781661bbd57a046d
  original:
    hackage: hgeometry-combinatorial-0.12.0.1@sha256:0c80854ff62c0851e928a617a2d9c38fb89865afed2f840c6caf27068fc60a3d,9061
- completed:
    hackage: vector-circular-0.1.3@sha256:49d1740e8ac8df0d2e5ed761f1fb9563dea3d75b329bffa277458138e02915ec,1468
    pantry-tree:
      size: 513
      sha256: 7759af4f053107ecaa5adad3c893321cdd5608c7f78b73e115bfc1a2ac934bdc
  original:
    hackage: vector-circular-0.1.3@sha256:49d1740e8ac8df0d2e5ed761f1fb9563dea3d75b329bffa277458138e02915ec,1468
snapshots:
- completed:
    size: 565712
    url: https://raw.githubusercontent.com/commercialhaskell/stackage-snapshots/master/lts/17/6.yaml
    sha256: 4e5e581a709c88e3fe26a9ce8bf331435729bead762fb5c190064c6c5bb1b835
  original:
    url: https://raw.githubusercontent.com/commercialhaskell/stackage-snapshots/master/lts/17/6.yaml
